
Microsoft Visual Studio Solution File, Format Version 12.00
# Visual Studio Version 17
VisualStudioVersion = 17.5.33414.496
MinimumVisualStudioVersion = 10.0.40219.1
Project("{FAE04EC0-301F-11D3-BF4B-00C04F79EFBC}") = "WinFormsApp1", "WinFormsApp1\WinFormsApp1.csproj", "{A93B0D34-4307-45C5-9427-6A2E727BF35C}"
EndProject
Global
	GlobalSection(SolutionConfigurationPlatforms) = preSolution
		Debug|Any CPU = Debug|Any CPU
		Release|Any CPU = Release|Any CPU
	EndGlobalSection
	GlobalSection(ProjectConfigurationPlatforms) = postSolution
		{A93B0D34-4307-45C5-9427-6A2E727BF35C}.Debug|Any CPU.ActiveCfg = Debug|Any CPU
		{A93B0D34-4307-45C5-9427-6A2E727BF35C}.Debug|Any CPU.Build.0 = Debug|Any CPU
		{A93B0D34-4307-45C5-9427-6A2E727BF35C}.Release|Any CPU.ActiveCfg = Release|Any CPU
		{A93B0D34-4307-45C5-9427-6A2E727BF35C}.Release|Any CPU.Build.0 = Release|Any CPU
	EndGlobalSection
	GlobalSection(SolutionProperties) = preSolution
		HideSolutionNode = FALSE
	EndGlobalSection
	GlobalSection(ExtensibilityGlobals) = postSolution
		SolutionGuid = {04DD8DAF-D071-4630-A82F-C0ECEDCA6CD3}
	EndGlobalSection
EndGlobal
